
Microsoft Visual Studio Solution File, Format Version 12.00
# Visual Studio Version 16
VisualStudioVersion = 16.0.29709.97
MinimumVisualStudioVersion = 10.0.40219.1
Project("{E24C65DC-7377-472B-9ABA-BC803B73C61A}") = "Prac4c", "Prac4c\", "{9AC383F4-BD51-4BE3-A74C-B6AC63B2E053}"
	ProjectSection(WebsiteProperties) = preProject
		TargetFrameworkMoniker = ".NETFramework,Version%3Dv4.7.2"
		Debug.AspNetCompiler.VirtualPath = "/localhost_54791"
		Debug.AspNetCompiler.PhysicalPath = "Prac4c\"
		Debug.AspNetCompiler.TargetPath = "PrecompiledWeb\localhost_54791\"
		Debug.AspNetCompiler.Updateable = "true"
		Debug.AspNetCompiler.ForceOverwrite = "true"
		Debug.AspNetCompiler.FixedNames = "false"
		Debug.AspNetCompiler.Debug = "True"
		Release.AspNetCompiler.VirtualPath = "/localhost_54791"
		Release.AspNetCompiler.PhysicalPath = "Prac4c\"
		Release.AspNetCompiler.TargetPath = "PrecompiledWeb\localhost_54791\"
		Release.AspNetCompiler.Updateable = "true"
		Release.AspNetCompiler.ForceOverwrite = "true"
		Release.AspNetCompiler.FixedNames = "false"
		Release.AspNetCompiler.Debug = "False"
		VWDPort = "54791"
		SlnRelativePath = "Prac4c\"
		DefaultWebSiteLanguage = "Visual C#"
	EndProjectSection
EndProject
Global
	GlobalSection(SolutionConfigurationPlatforms) = preSolution
		Debug|Any CPU = Debug|Any CPU
	EndGlobalSection
	GlobalSection(ProjectConfigurationPlatforms) = postSolution
		{9AC383F4-BD51-4BE3-A74C-B6AC63B2E053}.Debug|Any CPU.ActiveCfg = Debug|Any CPU
		{9AC383F4-BD51-4BE3-A74C-B6AC63B2E053}.Debug|Any CPU.Build.0 = Debug|Any CPU
	EndGlobalSection
	GlobalSection(SolutionProperties) = preSolution
		HideSolutionNode = FALSE
	EndGlobalSection
	GlobalSection(ExtensibilityGlobals) = postSolution
		SolutionGuid = {F591E48C-B1DF-4481-AFD1-0675AEE35506}
	EndGlobalSection
EndGlobal
